
Microsoft Visual Studio Solution File, Format Version 12.00
# Visual Studio Version 17
VisualStudioVersion = 17.6.33712.159
MinimumVisualStudioVersion = 10.0.40219.1
Project("{FAE04EC0-301F-11D3-BF4B-00C04F79EFBC}") = "NZWalks.API", "NZWalks.API\NZWalks.API.csproj", "{A0762D64-24A3-45D1-ADE4-6B233AFCA1B9}"
EndProject
Global
	GlobalSection(SolutionConfigurationPlatforms) = preSolution
		Debug|Any CPU = Debug|Any CPU
		Release|Any CPU = Release|Any CPU
	EndGlobalSection
	GlobalSection(ProjectConfigurationPlatforms) = postSolution
		{A0762D64-24A3-45D1-ADE4-6B233AFCA1B9}.Debug|Any CPU.ActiveCfg = Debug|Any CPU
		{A0762D64-24A3-45D1-ADE4-6B233AFCA1B9}.Debug|Any CPU.Build.0 = Debug|Any CPU
		{A0762D64-24A3-45D1-ADE4-6B233AFCA1B9}.Release|Any CPU.ActiveCfg = Release|Any CPU
		{A0762D64-24A3-45D1-ADE4-6B233AFCA1B9}.Release|Any CPU.Build.0 = Release|Any CPU
	EndGlobalSection
	GlobalSection(SolutionProperties) = preSolution
		HideSolutionNode = FALSE
	EndGlobalSection
	GlobalSection(ExtensibilityGlobals) = postSolution
		SolutionGuid = {EFC115DC-DAB0-4DCD-BC4C-05E07CB98A3A}
	EndGlobalSection
EndGlobal
